
Microsoft Visual Studio Solution File, Format Version 12.00
# Visual Studio Version 17
VisualStudioVersion = 17.11.35327.3
MinimumVisualStudioVersion = 10.0.40219.1
Project("{FAE04EC0-301F-11D3-BF4B-00C04F79EFBC}") = "Odata_BE", "Odata-BE\Odata_BE.csproj", "{67A13AFD-BB2E-4928-8983-1FDE166CE08B}"
EndProject
Global
	GlobalSection(SolutionConfigurationPlatforms) = preSolution
		Debug|Any CPU = Debug|Any CPU
		Release|Any CPU = Release|Any CPU
	EndGlobalSection
	GlobalSection(ProjectConfigurationPlatforms) = postSolution
		{67A13AFD-BB2E-4928-8983-1FDE166CE08B}.Debug|Any CPU.ActiveCfg = Debug|Any CPU
		{67A13AFD-BB2E-4928-8983-1FDE166CE08B}.Debug|Any CPU.Build.0 = Debug|Any CPU
		{67A13AFD-BB2E-4928-8983-1FDE166CE08B}.Release|Any CPU.ActiveCfg = Release|Any CPU
		{67A13AFD-BB2E-4928-8983-1FDE166CE08B}.Release|Any CPU.Build.0 = Release|Any CPU
	EndGlobalSection
	GlobalSection(SolutionProperties) = preSolution
		HideSolutionNode = FALSE
	EndGlobalSection
	GlobalSection(ExtensibilityGlobals) = postSolution
		SolutionGuid = {27B4B8C4-A331-4CFF-AA3F-8C07F91C07E6}
	EndGlobalSection
EndGlobal
